
Microsoft Visual Studio Solution File, Format Version 12.00
# Visual Studio Version 16
VisualStudioVersion = 16.0.29418.71
MinimumVisualStudioVersion = 10.0.40219.1
Project("{FAE04EC0-301F-11D3-BF4B-00C04F79EFBC}") = "Day2Homework", "Day2Homework\Day2Homework.csproj", "{01DF7A90-6C00-4289-B924-196B2FD1834B}"
EndProject
Global
	GlobalSection(SolutionConfigurationPlatforms) = preSolution
		Debug|Any CPU = Debug|Any CPU
		Release|Any CPU = Release|Any CPU
	EndGlobalSection
	GlobalSection(ProjectConfigurationPlatforms) = postSolution
		{01DF7A90-6C00-4289-B924-196B2FD1834B}.Debug|Any CPU.ActiveCfg = Debug|Any CPU
		{01DF7A90-6C00-4289-B924-196B2FD1834B}.Debug|Any CPU.Build.0 = Debug|Any CPU
		{01DF7A90-6C00-4289-B924-196B2FD1834B}.Release|Any CPU.ActiveCfg = Release|Any CPU
		{01DF7A90-6C00-4289-B924-196B2FD1834B}.Release|Any CPU.Build.0 = Release|Any CPU
	EndGlobalSection
	GlobalSection(SolutionProperties) = preSolution
		HideSolutionNode = FALSE
	EndGlobalSection
	GlobalSection(ExtensibilityGlobals) = postSolution
		SolutionGuid = {15AEEE6C-4DBD-42AC-8C99-CF7E1886953A}
	EndGlobalSection
EndGlobal
